
Microsoft Visual Studio Solution File, Format Version 12.00
# Visual Studio Version 16
VisualStudioVersion = 16.0.32407.337
MinimumVisualStudioVersion = 10.0.40219.1
Project("{FAE04EC0-301F-11D3-BF4B-00C04F79EFBC}") = "Lines", "Lines\Lines.csproj", "{815F0F41-4CD3-411D-A7E7-3F7DE4D99E40}"
EndProject
Global
	GlobalSection(SolutionConfigurationPlatforms) = preSolution
		Debug|Any CPU = Debug|Any CPU
		Release|Any CPU = Release|Any CPU
	EndGlobalSection
	GlobalSection(ProjectConfigurationPlatforms) = postSolution
		{815F0F41-4CD3-411D-A7E7-3F7DE4D99E40}.Debug|Any CPU.ActiveCfg = Debug|Any CPU
		{815F0F41-4CD3-411D-A7E7-3F7DE4D99E40}.Debug|Any CPU.Build.0 = Debug|Any CPU
		{815F0F41-4CD3-411D-A7E7-3F7DE4D99E40}.Release|Any CPU.ActiveCfg = Release|Any CPU
		{815F0F41-4CD3-411D-A7E7-3F7DE4D99E40}.Release|Any CPU.Build.0 = Release|Any CPU
	EndGlobalSection
	GlobalSection(SolutionProperties) = preSolution
		HideSolutionNode = FALSE
	EndGlobalSection
	GlobalSection(ExtensibilityGlobals) = postSolution
		SolutionGuid = {DA9F409B-EECC-4127-8C90-5117FF4F69F5}
	EndGlobalSection
EndGlobal
